
Microsoft Visual Studio Solution File, Format Version 12.00
# Visual Studio Version 16
VisualStudioVersion = 16.0.32002.261
MinimumVisualStudioVersion = 10.0.40219.1
Project("{FAE04EC0-301F-11D3-BF4B-00C04F79EFBC}") = "wrt", "wrt\wrt.csproj", "{98968AD2-B757-4F8E-B674-606568D5695E}"
EndProject
Global
	GlobalSection(SolutionConfigurationPlatforms) = preSolution
		Debug|Any CPU = Debug|Any CPU
		Release|Any CPU = Release|Any CPU
	EndGlobalSection
	GlobalSection(ProjectConfigurationPlatforms) = postSolution
		{98968AD2-B757-4F8E-B674-606568D5695E}.Debug|Any CPU.ActiveCfg = Debug|Any CPU
		{98968AD2-B757-4F8E-B674-606568D5695E}.Debug|Any CPU.Build.0 = Debug|Any CPU
		{98968AD2-B757-4F8E-B674-606568D5695E}.Release|Any CPU.ActiveCfg = Release|Any CPU
		{98968AD2-B757-4F8E-B674-606568D5695E}.Release|Any CPU.Build.0 = Release|Any CPU
	EndGlobalSection
	GlobalSection(SolutionProperties) = preSolution
		HideSolutionNode = FALSE
	EndGlobalSection
	GlobalSection(ExtensibilityGlobals) = postSolution
		SolutionGuid = {99964665-3ACD-4BA5-8D79-C185B01DFBC7}
	EndGlobalSection
EndGlobal
